
Microsoft Visual Studio Solution File, Format Version 12.00
# Visual Studio Version 17
VisualStudioVersion = 17.6.33801.468
MinimumVisualStudioVersion = 10.0.40219.1
Project("{FAE04EC0-301F-11D3-BF4B-00C04F79EFBC}") = "userBookServices", "userBookServices\userBookServices.csproj", "{B15ACECE-4C39-4AEA-885E-7E7DC3B6086B}"
EndProject
Global
	GlobalSection(SolutionConfigurationPlatforms) = preSolution
		Debug|Any CPU = Debug|Any CPU
		Release|Any CPU = Release|Any CPU
	EndGlobalSection
	GlobalSection(ProjectConfigurationPlatforms) = postSolution
		{B15ACECE-4C39-4AEA-885E-7E7DC3B6086B}.Debug|Any CPU.ActiveCfg = Debug|Any CPU
		{B15ACECE-4C39-4AEA-885E-7E7DC3B6086B}.Debug|Any CPU.Build.0 = Debug|Any CPU
		{B15ACECE-4C39-4AEA-885E-7E7DC3B6086B}.Release|Any CPU.ActiveCfg = Release|Any CPU
		{B15ACECE-4C39-4AEA-885E-7E7DC3B6086B}.Release|Any CPU.Build.0 = Release|Any CPU
	EndGlobalSection
	GlobalSection(SolutionProperties) = preSolution
		HideSolutionNode = FALSE
	EndGlobalSection
	GlobalSection(ExtensibilityGlobals) = postSolution
		SolutionGuid = {FCD45912-5CC2-4E13-A779-7757604F361D}
	EndGlobalSection
EndGlobal
